# This file is autogenerated, do not edit; changes may be undone by the next 'dep ensure'.


[[projects]]
  name = "github.com/go-sql-driver/mysql"
  packages = ["."]
  revision = "a0583e0143b1624142adab07e0e97fe106d99561"
  version = "v1.3.0"

[[projects]]
  branch = "master"
  name = "github.com/jmoiron/sqlx"
  packages = [
    ".",
    "reflectx"
  ]
  revision = "2aeb6a910c2b94f2d5eb53d9895d80e27264ec41"

[[projects]]
  branch = "master"
  name = "github.com/localvar/go-utils"
  packages = [
    "config",
    "log",
    "wechat"
  ]
  revision = "ea3123b21e657f8d46a772e03d68d065a18648d0"

[solve-meta]
  analyzer-name = "dep"
  analyzer-version = 1
  inputs-digest = "1a95bc4eb837856cf9ed828a1486ac362e72925af472bc256f90f6e2b820a66f"
  solver-name = "gps-cdcl"
  solver-version = 1
